
Microsoft Visual Studio Solution File, Format Version 12.00
# Visual Studio Version 17
VisualStudioVersion = 17.2.32630.192
MinimumVisualStudioVersion = 10.0.40219.1
Project("{8BC9CEB8-8B4A-11D0-8D11-00A0C91BC942}") = "CKorea", "CKorea\CKorea.vcxproj", "{5CCC6D80-9A56-4C6D-905F-9E446A539EFF}"
EndProject
Project("{8BC9CEB8-8B4A-11D0-8D11-00A0C91BC942}") = "Day2", "Day2\Day2.vcxproj", "{D0279286-0FD7-411C-B943-028EB7B5FABD}"
EndProject
Project("{8BC9CEB8-8B4A-11D0-8D11-00A0C91BC942}") = "Day3", "day3\day3.vcxproj", "{8C583E1D-0F95-4E08-A1A3-C75E934E93E5}"
EndProject
Project("{8BC9CEB8-8B4A-11D0-8D11-00A0C91BC942}") = "ImageDlg", "ImageDlg\ImageDlg.vcxproj", "{EE3C840A-0873-40B9-A2D0-B19CE6DB4E7D}"
EndProject
Project("{8BC9CEB8-8B4A-11D0-8D11-00A0C91BC942}") = "Day 4", "Day 4\Day 4.vcxproj", "{32E64AE5-6A31-430F-8058-C0F9576681AE}"
EndProject
Project("{8BC9CEB8-8B4A-11D0-8D11-00A0C91BC942}") = "Day5", "Day5\Day5.vcxproj", "{EF21733A-ADF9-4A21-8426-352264444381}"
EndProject
Project("{8BC9CEB8-8B4A-11D0-8D11-00A0C91BC942}") = "Piano", "Piano\Piano.vcxproj", "{F4EF5BC2-CA86-49A4-9F9C-219B1EE024C9}"
EndProject
Global
	GlobalSection(SolutionConfigurationPlatforms) = preSolution
		Debug|x64 = Debug|x64
		Debug|x86 = Debug|x86
		Release|x64 = Release|x64
		Release|x86 = Release|x86
	EndGlobalSection
	GlobalSection(ProjectConfigurationPlatforms) = postSolution
		{5CCC6D80-9A56-4C6D-905F-9E446A539EFF}.Debug|x64.ActiveCfg = Debug|x64
		{5CCC6D80-9A56-4C6D-905F-9E446A539EFF}.Debug|x64.Build.0 = Debug|x64
		{5CCC6D80-9A56-4C6D-905F-9E446A539EFF}.Debug|x86.ActiveCfg = Debug|Win32
		{5CCC6D80-9A56-4C6D-905F-9E446A539EFF}.Debug|x86.Build.0 = Debug|Win32
		{5CCC6D80-9A56-4C6D-905F-9E446A539EFF}.Release|x64.ActiveCfg = Release|x64
		{5CCC6D80-9A56-4C6D-905F-9E446A539EFF}.Release|x64.Build.0 = Release|x64
		{5CCC6D80-9A56-4C6D-905F-9E446A539EFF}.Release|x86.ActiveCfg = Release|Win32
		{5CCC6D80-9A56-4C6D-905F-9E446A539EFF}.Release|x86.Build.0 = Release|Win32
		{D0279286-0FD7-411C-B943-028EB7B5FABD}.Debug|x64.ActiveCfg = Debug|x64
		{D0279286-0FD7-411C-B943-028EB7B5FABD}.Debug|x64.Build.0 = Debug|x64
		{D0279286-0FD7-411C-B943-028EB7B5FABD}.Debug|x86.ActiveCfg = Debug|Win32
		{D0279286-0FD7-411C-B943-028EB7B5FABD}.Debug|x86.Build.0 = Debug|Win32
		{D0279286-0FD7-411C-B943-028EB7B5FABD}.Release|x64.ActiveCfg = Release|x64
		{D0279286-0FD7-411C-B943-028EB7B5FABD}.Release|x64.Build.0 = Release|x64
		{D0279286-0FD7-411C-B943-028EB7B5FABD}.Release|x86.ActiveCfg = Release|Win32
		{D0279286-0FD7-411C-B943-028EB7B5FABD}.Release|x86.Build.0 = Release|Win32
		{8C583E1D-0F95-4E08-A1A3-C75E934E93E5}.Debug|x64.ActiveCfg = Debug|x64
		{8C583E1D-0F95-4E08-A1A3-C75E934E93E5}.Debug|x64.Build.0 = Debug|x64
		{8C583E1D-0F95-4E08-A1A3-C75E934E93E5}.Debug|x86.ActiveCfg = Debug|Win32
		{8C583E1D-0F95-4E08-A1A3-C75E934E93E5}.Debug|x86.Build.0 = Debug|Win32
		{8C583E1D-0F95-4E08-A1A3-C75E934E93E5}.Release|x64.ActiveCfg = Release|x64
		{8C583E1D-0F95-4E08-A1A3-C75E934E93E5}.Release|x64.Build.0 = Release|x64
		{8C583E1D-0F95-4E08-A1A3-C75E934E93E5}.Release|x86.ActiveCfg = Release|Win32
		{8C583E1D-0F95-4E08-A1A3-C75E934E93E5}.Release|x86.Build.0 = Release|Win32
		{EE3C840A-0873-40B9-A2D0-B19CE6DB4E7D}.Debug|x64.ActiveCfg = Debug|x64
		{EE3C840A-0873-40B9-A2D0-B19CE6DB4E7D}.Debug|x64.Build.0 = Debug|x64
		{EE3C840A-0873-40B9-A2D0-B19CE6DB4E7D}.Debug|x86.ActiveCfg = Debug|Win32
		{EE3C840A-0873-40B9-A2D0-B19CE6DB4E7D}.Debug|x86.Build.0 = Debug|Win32
		{EE3C840A-0873-40B9-A2D0-B19CE6DB4E7D}.Release|x64.ActiveCfg = Release|x64
		{EE3C840A-0873-40B9-A2D0-B19CE6DB4E7D}.Release|x64.Build.0 = Release|x64
		{EE3C840A-0873-40B9-A2D0-B19CE6DB4E7D}.Release|x86.ActiveCfg = Release|Win32
		{EE3C840A-0873-40B9-A2D0-B19CE6DB4E7D}.Release|x86.Build.0 = Release|Win32
		{32E64AE5-6A31-430F-8058-C0F9576681AE}.Debug|x64.ActiveCfg = Debug|x64
		{32E64AE5-6A31-430F-8058-C0F9576681AE}.Debug|x64.Build.0 = Debug|x64
		{32E64AE5-6A31-430F-8058-C0F9576681AE}.Debug|x86.ActiveCfg = Debug|Win32
		{32E64AE5-6A31-430F-8058-C0F9576681AE}.Debug|x86.Build.0 = Debug|Win32
		{32E64AE5-6A31-430F-8058-C0F9576681AE}.Release|x64.ActiveCfg = Release|x64
		{32E64AE5-6A31-430F-8058-C0F9576681AE}.Release|x64.Build.0 = Release|x64
		{32E64AE5-6A31-430F-8058-C0F9576681AE}.Release|x86.ActiveCfg = Release|Win32
		{32E64AE5-6A31-430F-8058-C0F9576681AE}.Release|x86.Build.0 = Release|Win32
		{EF21733A-ADF9-4A21-8426-352264444381}.Debug|x64.ActiveCfg = Debug|x64
		{EF21733A-ADF9-4A21-8426-352264444381}.Debug|x64.Build.0 = Debug|x64
		{EF21733A-ADF9-4A21-8426-352264444381}.Debug|x86.ActiveCfg = Debug|Win32
		{EF21733A-ADF9-4A21-8426-352264444381}.Debug|x86.Build.0 = Debug|Win32
		{EF21733A-ADF9-4A21-8426-352264444381}.Release|x64.ActiveCfg = Release|x64
		{EF21733A-ADF9-4A21-8426-352264444381}.Release|x64.Build.0 = Release|x64
		{EF21733A-ADF9-4A21-8426-352264444381}.Release|x86.ActiveCfg = Release|Win32
		{EF21733A-ADF9-4A21-8426-352264444381}.Release|x86.Build.0 = Release|Win32
		{F4EF5BC2-CA86-49A4-9F9C-219B1EE024C9}.Debug|x64.ActiveCfg = Debug|x64
		{F4EF5BC2-CA86-49A4-9F9C-219B1EE024C9}.Debug|x64.Build.0 = Debug|x64
		{F4EF5BC2-CA86-49A4-9F9C-219B1EE024C9}.Debug|x86.ActiveCfg = Debug|Win32
		{F4EF5BC2-CA86-49A4-9F9C-219B1EE024C9}.Debug|x86.Build.0 = Debug|Win32
		{F4EF5BC2-CA86-49A4-9F9C-219B1EE024C9}.Release|x64.ActiveCfg = Release|x64
		{F4EF5BC2-CA86-49A4-9F9C-219B1EE024C9}.Release|x64.Build.0 = Release|x64
		{F4EF5BC2-CA86-49A4-9F9C-219B1EE024C9}.Release|x86.ActiveCfg = Release|Win32
		{F4EF5BC2-CA86-49A4-9F9C-219B1EE024C9}.Release|x86.Build.0 = Release|Win32
	EndGlobalSection
	GlobalSection(SolutionProperties) = preSolution
		HideSolutionNode = FALSE
	EndGlobalSection
	GlobalSection(ExtensibilityGlobals) = postSolution
		SolutionGuid = {2E348D58-3888-451A-84A6-0BC0C1440279}
	EndGlobalSection
EndGlobal
